
Microsoft Visual Studio Solution File, Format Version 12.00
# Visual Studio 14
VisualStudioVersion = 14.0.23107.0
MinimumVisualStudioVersion = 10.0.40219.1
Project("{FAE04EC0-301F-11D3-BF4B-00C04F79EFBC}") = "Services", "Services\Services.csproj", "{6583AA1C-749C-41FC-A59C-7AF483A61A36}"
EndProject
Project("{2150E333-8FDC-42A3-9474-1A3956D46DE8}") = ".nuget", ".nuget", "{98249F73-FBEE-47B5-8AC7-3CDBA3F5E26D}"
	ProjectSection(SolutionItems) = preProject
		.nuget\NuGet.Config = .nuget\NuGet.Config
		.nuget\NuGet.exe = .nuget\NuGet.exe
		.nuget\NuGet.targets = .nuget\NuGet.targets
	EndProjectSection
EndProject
Project("{FAE04EC0-301F-11D3-BF4B-00C04F79EFBC}") = "Models", "Models\Models.csproj", "{E7B3ED1D-915F-4D78-954E-35EA1BB6674A}"
EndProject
Project("{FAE04EC0-301F-11D3-BF4B-00C04F79EFBC}") = "Utilities", "Utilities\Utilities.csproj", "{A626D3F6-DA73-461C-BCB9-D403EEB426A3}"
EndProject
Project("{FAE04EC0-301F-11D3-BF4B-00C04F79EFBC}") = "BlogSiteNancy", "BlogSiteNancy\BlogSiteNancy.csproj", "{71710160-7075-4114-88E7-79D37FD8CA45}"
EndProject
Project("{FAE04EC0-301F-11D3-BF4B-00C04F79EFBC}") = "Selenium", "Selenium\Selenium.csproj", "{D0085EBD-8AE0-4706-B9E7-6BF08AFD94DB}"
EndProject
Project("{FAE04EC0-301F-11D3-BF4B-00C04F79EFBC}") = "AngularNancy", "AngularNancy\AngularNancy.csproj", "{ED638DD5-E755-4B7A-940D-5C94AB425686}"
EndProject
Project("{FAE04EC0-301F-11D3-BF4B-00C04F79EFBC}") = "Tests", "Tests\Tests.csproj", "{B5B56F15-939B-4207-B4CF-7C344ED5A642}"
EndProject
Project("{8BB2217D-0F2D-49D1-97BC-3654ED321F3B}") = "Angular2ASPNET", "Angular2ASPNET\Angular2ASPNET.xproj", "{C4AE226C-7891-4EFB-9352-8CF6E715FA8A}"
EndProject
Global
	GlobalSection(SolutionConfigurationPlatforms) = preSolution
		Debug|Any CPU = Debug|Any CPU
		MonoDebug|Any CPU = MonoDebug|Any CPU
		MonoRelease|Any CPU = MonoRelease|Any CPU
		Release|Any CPU = Release|Any CPU
	EndGlobalSection
	GlobalSection(ProjectConfigurationPlatforms) = postSolution
		{6583AA1C-749C-41FC-A59C-7AF483A61A36}.Debug|Any CPU.ActiveCfg = Debug|Any CPU
		{6583AA1C-749C-41FC-A59C-7AF483A61A36}.Debug|Any CPU.Build.0 = Debug|Any CPU
		{6583AA1C-749C-41FC-A59C-7AF483A61A36}.MonoDebug|Any CPU.ActiveCfg = Debug|Any CPU
		{6583AA1C-749C-41FC-A59C-7AF483A61A36}.MonoDebug|Any CPU.Build.0 = Debug|Any CPU
		{6583AA1C-749C-41FC-A59C-7AF483A61A36}.MonoRelease|Any CPU.ActiveCfg = Release|Any CPU
		{6583AA1C-749C-41FC-A59C-7AF483A61A36}.MonoRelease|Any CPU.Build.0 = Release|Any CPU
		{6583AA1C-749C-41FC-A59C-7AF483A61A36}.Release|Any CPU.ActiveCfg = Release|Any CPU
		{6583AA1C-749C-41FC-A59C-7AF483A61A36}.Release|Any CPU.Build.0 = Release|Any CPU
		{E7B3ED1D-915F-4D78-954E-35EA1BB6674A}.Debug|Any CPU.ActiveCfg = Debug|Any CPU
		{E7B3ED1D-915F-4D78-954E-35EA1BB6674A}.Debug|Any CPU.Build.0 = Debug|Any CPU
		{E7B3ED1D-915F-4D78-954E-35EA1BB6674A}.MonoDebug|Any CPU.ActiveCfg = Debug|Any CPU
		{E7B3ED1D-915F-4D78-954E-35EA1BB6674A}.MonoDebug|Any CPU.Build.0 = Debug|Any CPU
		{E7B3ED1D-915F-4D78-954E-35EA1BB6674A}.MonoRelease|Any CPU.ActiveCfg = Release|Any CPU
		{E7B3ED1D-915F-4D78-954E-35EA1BB6674A}.MonoRelease|Any CPU.Build.0 = Release|Any CPU
		{E7B3ED1D-915F-4D78-954E-35EA1BB6674A}.Release|Any CPU.ActiveCfg = Release|Any CPU
		{E7B3ED1D-915F-4D78-954E-35EA1BB6674A}.Release|Any CPU.Build.0 = Release|Any CPU
		{A626D3F6-DA73-461C-BCB9-D403EEB426A3}.Debug|Any CPU.ActiveCfg = Debug|Any CPU
		{A626D3F6-DA73-461C-BCB9-D403EEB426A3}.Debug|Any CPU.Build.0 = Debug|Any CPU
		{A626D3F6-DA73-461C-BCB9-D403EEB426A3}.MonoDebug|Any CPU.ActiveCfg = Debug|Any CPU
		{A626D3F6-DA73-461C-BCB9-D403EEB426A3}.MonoDebug|Any CPU.Build.0 = Debug|Any CPU
		{A626D3F6-DA73-461C-BCB9-D403EEB426A3}.MonoRelease|Any CPU.ActiveCfg = Release|Any CPU
		{A626D3F6-DA73-461C-BCB9-D403EEB426A3}.MonoRelease|Any CPU.Build.0 = Release|Any CPU
		{A626D3F6-DA73-461C-BCB9-D403EEB426A3}.Release|Any CPU.ActiveCfg = Release|Any CPU
		{A626D3F6-DA73-461C-BCB9-D403EEB426A3}.Release|Any CPU.Build.0 = Release|Any CPU
		{71710160-7075-4114-88E7-79D37FD8CA45}.Debug|Any CPU.ActiveCfg = Debug|Any CPU
		{71710160-7075-4114-88E7-79D37FD8CA45}.Debug|Any CPU.Build.0 = Debug|Any CPU
		{71710160-7075-4114-88E7-79D37FD8CA45}.MonoDebug|Any CPU.ActiveCfg = Debug|Any CPU
		{71710160-7075-4114-88E7-79D37FD8CA45}.MonoDebug|Any CPU.Build.0 = Debug|Any CPU
		{71710160-7075-4114-88E7-79D37FD8CA45}.MonoRelease|Any CPU.ActiveCfg = Release|Any CPU
		{71710160-7075-4114-88E7-79D37FD8CA45}.MonoRelease|Any CPU.Build.0 = Release|Any CPU
		{71710160-7075-4114-88E7-79D37FD8CA45}.Release|Any CPU.ActiveCfg = Release|Any CPU
		{71710160-7075-4114-88E7-79D37FD8CA45}.Release|Any CPU.Build.0 = Release|Any CPU
		{D0085EBD-8AE0-4706-B9E7-6BF08AFD94DB}.Debug|Any CPU.ActiveCfg = Debug|Any CPU
		{D0085EBD-8AE0-4706-B9E7-6BF08AFD94DB}.Debug|Any CPU.Build.0 = Debug|Any CPU
		{D0085EBD-8AE0-4706-B9E7-6BF08AFD94DB}.MonoDebug|Any CPU.ActiveCfg = Debug|Any CPU
		{D0085EBD-8AE0-4706-B9E7-6BF08AFD94DB}.MonoDebug|Any CPU.Build.0 = Debug|Any CPU
		{D0085EBD-8AE0-4706-B9E7-6BF08AFD94DB}.MonoRelease|Any CPU.ActiveCfg = Release|Any CPU
		{D0085EBD-8AE0-4706-B9E7-6BF08AFD94DB}.MonoRelease|Any CPU.Build.0 = Release|Any CPU
		{D0085EBD-8AE0-4706-B9E7-6BF08AFD94DB}.Release|Any CPU.ActiveCfg = Release|Any CPU
		{D0085EBD-8AE0-4706-B9E7-6BF08AFD94DB}.Release|Any CPU.Build.0 = Release|Any CPU
		{ED638DD5-E755-4B7A-940D-5C94AB425686}.Debug|Any CPU.ActiveCfg = Debug|Any CPU
		{ED638DD5-E755-4B7A-940D-5C94AB425686}.Debug|Any CPU.Build.0 = Debug|Any CPU
		{ED638DD5-E755-4B7A-940D-5C94AB425686}.MonoDebug|Any CPU.ActiveCfg = Debug|Any CPU
		{ED638DD5-E755-4B7A-940D-5C94AB425686}.MonoDebug|Any CPU.Build.0 = Debug|Any CPU
		{ED638DD5-E755-4B7A-940D-5C94AB425686}.MonoRelease|Any CPU.ActiveCfg = Release|Any CPU
		{ED638DD5-E755-4B7A-940D-5C94AB425686}.MonoRelease|Any CPU.Build.0 = Release|Any CPU
		{ED638DD5-E755-4B7A-940D-5C94AB425686}.Release|Any CPU.ActiveCfg = Release|Any CPU
		{ED638DD5-E755-4B7A-940D-5C94AB425686}.Release|Any CPU.Build.0 = Release|Any CPU
		{B5B56F15-939B-4207-B4CF-7C344ED5A642}.Debug|Any CPU.ActiveCfg = Debug|Any CPU
		{B5B56F15-939B-4207-B4CF-7C344ED5A642}.Debug|Any CPU.Build.0 = Debug|Any CPU
		{B5B56F15-939B-4207-B4CF-7C344ED5A642}.MonoDebug|Any CPU.ActiveCfg = Debug|Any CPU
		{B5B56F15-939B-4207-B4CF-7C344ED5A642}.MonoDebug|Any CPU.Build.0 = Debug|Any CPU
		{B5B56F15-939B-4207-B4CF-7C344ED5A642}.MonoRelease|Any CPU.ActiveCfg = Release|Any CPU
		{B5B56F15-939B-4207-B4CF-7C344ED5A642}.MonoRelease|Any CPU.Build.0 = Release|Any CPU
		{B5B56F15-939B-4207-B4CF-7C344ED5A642}.Release|Any CPU.ActiveCfg = Release|Any CPU
		{B5B56F15-939B-4207-B4CF-7C344ED5A642}.Release|Any CPU.Build.0 = Release|Any CPU
		{C4AE226C-7891-4EFB-9352-8CF6E715FA8A}.Debug|Any CPU.ActiveCfg = Debug|Any CPU
		{C4AE226C-7891-4EFB-9352-8CF6E715FA8A}.Debug|Any CPU.Build.0 = Debug|Any CPU
		{C4AE226C-7891-4EFB-9352-8CF6E715FA8A}.MonoDebug|Any CPU.ActiveCfg = Debug|Any CPU
		{C4AE226C-7891-4EFB-9352-8CF6E715FA8A}.MonoDebug|Any CPU.Build.0 = Debug|Any CPU
		{C4AE226C-7891-4EFB-9352-8CF6E715FA8A}.MonoRelease|Any CPU.ActiveCfg = Release|Any CPU
		{C4AE226C-7891-4EFB-9352-8CF6E715FA8A}.MonoRelease|Any CPU.Build.0 = Release|Any CPU
		{C4AE226C-7891-4EFB-9352-8CF6E715FA8A}.Release|Any CPU.ActiveCfg = Release|Any CPU
		{C4AE226C-7891-4EFB-9352-8CF6E715FA8A}.Release|Any CPU.Build.0 = Release|Any CPU
	EndGlobalSection
	GlobalSection(SolutionProperties) = preSolution
		HideSolutionNode = FALSE
	EndGlobalSection
EndGlobal
